// !$*UTF8*$!
{
	archiveVersion = 1;
	classes = {
	};
	objectVersion = 55;
	objects = {

/* Begin PBXBuildFile section */
		7C3BCE072847F873008CDC7D /* TheaterSchedule_spApp.swift in Sources */ = {isa = PBXBuildFile; fileRef = 7C3BCE062847F873008CDC7D /* TheaterSchedule_spApp.swift */; };
		7C3BCE092847F873008CDC7D /* ContentView.swift in Sources */ = {isa = PBXBuildFile; fileRef = 7C3BCE082847F873008CDC7D /* ContentView.swift */; };
		7C3BCE0B2847F879008CDC7D /* Assets.xcassets in Resources */ = {isa = PBXBuildFile; fileRef = 7C3BCE0A2847F879008CDC7D /* Assets.xcassets */; };
		7C3BCE0E2847F879008CDC7D /* Preview Assets.xcassets in Resources */ = {isa = PBXBuildFile; fileRef = 7C3BCE0D2847F879008CDC7D /* Preview Assets.xcassets */; };
		7C7B496C284BDE3E00B0825F /* ModelData.swift in Sources */ = {isa = PBXBuildFile; fileRef = 7C7B496B284BDE3E00B0825F /* ModelData.swift */; };
		7C7B4978284BEAE200B0825F /* PerformanceData.json in Resources */ = {isa = PBXBuildFile; fileRef = 7C7B4977284BEAE200B0825F /* PerformanceData.json */; };
		7C7B497A284BEC7C00B0825F /* PerformDetail.swift in Sources */ = {isa = PBXBuildFile; fileRef = 7C7B4979284BEC7C00B0825F /* PerformDetail.swift */; };
		7C89CD18284A2D8800758690 /* Performace.swift in Sources */ = {isa = PBXBuildFile; fileRef = 7C89CD17284A2D8800758690 /* Performace.swift */; };
		7CE19968284E2C8F00F8FFBE /* PerformanceList.swift in Sources */ = {isa = PBXBuildFile; fileRef = 7CE19967284E2C8F00F8FFBE /* PerformanceList.swift */; };
/* End PBXBuildFile section */

/* Begin PBXFileReference section */
		7C3BCE032847F873008CDC7D /* TheaterSchedule-sp.app */ = {isa = PBXFileReference; explicitFileType = wrapper.application; includeInIndex = 0; path = "TheaterSchedule-sp.app"; sourceTree = BUILT_PRODUCTS_DIR; };
		7C3BCE062847F873008CDC7D /* TheaterSchedule_spApp.swift */ = {isa = PBXFileReference; lastKnownFileType = sourcecode.swift; path = TheaterSchedule_spApp.swift; sourceTree = "<group>"; };
		7C3BCE082847F873008CDC7D /* ContentView.swift */ = {isa = PBXFileReference; lastKnownFileType = sourcecode.swift; path = ContentView.swift; sourceTree = "<group>"; };
		7C3BCE0A2847F879008CDC7D /* Assets.xcassets */ = {isa = PBXFileReference; lastKnownFileType = folder.assetcatalog; path = Assets.xcassets; sourceTree = "<group>"; };
		7C3BCE0D2847F879008CDC7D /* Preview Assets.xcassets */ = {isa = PBXFileReference; lastKnownFileType = folder.assetcatalog; path = "Preview Assets.xcassets"; sourceTree = "<group>"; };
		7C7B496B284BDE3E00B0825F /* ModelData.swift */ = {isa = PBXFileReference; lastKnownFileType = sourcecode.swift; path = ModelData.swift; sourceTree = "<group>"; };
		7C7B4977284BEAE200B0825F /* PerformanceData.json */ = {isa = PBXFileReference; fileEncoding = 4; lastKnownFileType = text.json; path = PerformanceData.json; sourceTree = "<group>"; };
		7C7B4979284BEC7C00B0825F /* PerformDetail.swift */ = {isa = PBXFileReference; lastKnownFileType = sourcecode.swift; path = PerformDetail.swift; sourceTree = "<group>"; };
		7C89CD17284A2D8800758690 /* Performace.swift */ = {isa = PBXFileReference; lastKnownFileType = sourcecode.swift; path = Performace.swift; sourceTree = "<group>"; };
		7CE19967284E2C8F00F8FFBE /* PerformanceList.swift */ = {isa = PBXFileReference; lastKnownFileType = sourcecode.swift; path = PerformanceList.swift; sourceTree = "<group>"; };
/* End PBXFileReference section */

/* Begin PBXFrameworksBuildPhase section */
		7C3BCE002847F873008CDC7D /* Frameworks */ = {
			isa = PBXFrameworksBuildPhase;
			buildActionMask = 2147483647;
			files = (
			);
			runOnlyForDeploymentPostprocessing = 0;
		};
/* End PBXFrameworksBuildPhase section */

/* Begin PBXGroup section */
		7C3BCDFA2847F873008CDC7D = {
			isa = PBXGroup;
			children = (
				7C3BCE052847F873008CDC7D /* TheaterSchedule-sp */,
				7C3BCE042847F873008CDC7D /* Products */,
			);
			sourceTree = "<group>";
		};
		7C3BCE042847F873008CDC7D /* Products */ = {
			isa = PBXGroup;
			children = (
				7C3BCE032847F873008CDC7D /* TheaterSchedule-sp.app */,
			);
			name = Products;
			sourceTree = "<group>";
		};
		7C3BCE052847F873008CDC7D /* TheaterSchedule-sp */ = {
			isa = PBXGroup;
			children = (
				7C3BCE062847F873008CDC7D /* TheaterSchedule_spApp.swift */,
				7CE19969284E2DB700F8FFBE /* View */,
				7CE1996A284E2DCB00F8FFBE /* Model */,
				7C3BCE0A2847F879008CDC7D /* Assets.xcassets */,
				7C7B4977284BEAE200B0825F /* PerformanceData.json */,
				7C3BCE0C2847F879008CDC7D /* Preview Content */,
			);
			path = "TheaterSchedule-sp";
			sourceTree = "<group>";
		};
		7C3BCE0C2847F879008CDC7D /* Preview Content */ = {
			isa = PBXGroup;
			children = (
				7C3BCE0D2847F879008CDC7D /* Preview Assets.xcassets */,
			);
			path = "Preview Content";
			sourceTree = "<group>";
		};
		7CE19969284E2DB700F8FFBE /* View */ = {
			isa = PBXGroup;
			children = (
				7C3BCE082847F873008CDC7D /* ContentView.swift */,
				7CE19967284E2C8F00F8FFBE /* PerformanceList.swift */,
				7C7B4979284BEC7C00B0825F /* PerformDetail.swift */,
			);
			path = View;
			sourceTree = "<group>";
		};
		7CE1996A284E2DCB00F8FFBE /* Model */ = {
			isa = PBXGroup;
			children = (
				7C7B496B284BDE3E00B0825F /* ModelData.swift */,
				7C89CD17284A2D8800758690 /* Performace.swift */,
			);
			path = Model;
			sourceTree = "<group>";
		};
/* End PBXGroup section */

/* Begin PBXNativeTarget section */
		7C3BCE022847F873008CDC7D /* TheaterSchedule-sp */ = {
			isa = PBXNativeTarget;
			buildConfigurationList = 7C3BCE112847F879008CDC7D /* Build configuration list for PBXNativeTarget "TheaterSchedule-sp" */;
			buildPhases = (
				7C3BCDFF2847F873008CDC7D /* Sources */,
				7C3BCE002847F873008CDC7D /* Frameworks */,
				7C3BCE012847F873008CDC7D /* Resources */,
			);
			buildRules = (
			);
			dependencies = (
			);
			name = "TheaterSchedule-sp";
			productName = "TheaterSchedule-sp";
			productReference = 7C3BCE032847F873008CDC7D /* TheaterSchedule-sp.app */;
			productType = "com.apple.product-type.application";
		};
/* End PBXNativeTarget section */

/* Begin PBXProject section */
		7C3BCDFB2847F873008CDC7D /* Project object */ = {
			isa = PBXProject;
			attributes = {
				BuildIndependentTargetsInParallel = 1;
				LastSwiftUpdateCheck = 1320;
				LastUpgradeCheck = 1320;
				TargetAttributes = {
					7C3BCE022847F873008CDC7D = {
						CreatedOnToolsVersion = 13.2.1;
					};
				};
			};
			buildConfigurationList = 7C3BCDFE2847F873008CDC7D /* Build configuration list for PBXProject "TheaterSchedule-sp" */;
			compatibilityVersion = "Xcode 13.0";
			developmentRegion = en;
			hasScannedForEncodings = 0;
			knownRegions = (
				en,
				Base,
			);
			mainGroup = 7C3BCDFA2847F873008CDC7D;
			productRefGroup = 7C3BCE042847F873008CDC7D /* Products */;
			projectDirPath = "";
			projectRoot = "";
			targets = (
				7C3BCE022847F873008CDC7D /* TheaterSchedule-sp */,
			);
		};
/* End PBXProject section */

/* Begin PBXResourcesBuildPhase section */
		7C3BCE012847F873008CDC7D /* Resources */ = {
			isa = PBXResourcesBuildPhase;
			buildActionMask = 2147483647;
			files = (
				7C7B4978284BEAE200B0825F /* PerformanceData.json in Resources */,
				7C3BCE0E2847F879008CDC7D /* Preview Assets.xcassets in Resources */,
				7C3BCE0B2847F879008CDC7D /* Assets.xcassets in Resources */,
			);
			runOnlyForDeploymentPostprocessing = 0;
		};
/* End PBXResourcesBuildPhase section */

/* Begin PBXSourcesBuildPhase section */
		7C3BCDFF2847F873008CDC7D /* Sources */ = {
			isa = PBXSourcesBuildPhase;
			buildActionMask = 2147483647;
			files = (
				7C89CD18284A2D8800758690 /* Performace.swift in Sources */,
				7C3BCE092847F873008CDC7D /* ContentView.swift in Sources */,
				7C7B497A284BEC7C00B0825F /* PerformDetail.swift in Sources */,
				7C3BCE072847F873008CDC7D /* TheaterSchedule_spApp.swift in Sources */,
				7CE19968284E2C8F00F8FFBE /* PerformanceList.swift in Sources */,
				7C7B496C284BDE3E00B0825F /* ModelData.swift in Sources */,
			);
			runOnlyForDeploymentPostprocessing = 0;
		};
/* End PBXSourcesBuildPhase section */

/* Begin XCBuildConfiguration section */
		7C3BCE0F2847F879008CDC7D /* Debug */ = {
			isa = XCBuildConfiguration;
			buildSettings = {
				ALWAYS_SEARCH_USER_PATHS = NO;
				CLANG_ANALYZER_NONNULL = YES;
				CLANG_ANALYZER_NUMBER_OBJECT_CONVERSION = YES_AGGRESSIVE;
				CLANG_CXX_LANGUAGE_STANDARD = "gnu++17";
				CLANG_CXX_LIBRARY = "libc++";
				CLANG_ENABLE_MODULES = YES;
				CLANG_ENABLE_OBJC_ARC = YES;
				CLANG_ENABLE_OBJC_WEAK = YES;
				CLANG_WARN_BLOCK_CAPTURE_AUTORELEASING = YES;
				CLANG_WARN_BOOL_CONVERSION = YES;
				CLANG_WARN_COMMA = YES;
				CLANG_WARN_CONSTANT_CONVERSION = YES;
				CLANG_WARN_DEPRECATED_OBJC_IMPLEMENTATIONS = YES;
				CLANG_WARN_DIRECT_OBJC_ISA_USAGE = YES_ERROR;
				CLANG_WARN_DOCUMENTATION_COMMENTS = YES;
				CLANG_WARN_EMPTY_BODY = YES;
				CLANG_WARN_ENUM_CONVERSION = YES;
				CLANG_WARN_INFINITE_RECURSION = YES;
				CLANG_WARN_INT_CONVERSION = YES;
				CLANG_WARN_NON_LITERAL_NULL_CONVERSION = YES;
				CLANG_WARN_OBJC_IMPLICIT_RETAIN_SELF = YES;
				CLANG_WARN_OBJC_LITERAL_CONVERSION = YES;
				CLANG_WARN_OBJC_ROOT_CLASS = YES_ERROR;
				CLANG_WARN_QUOTED_INCLUDE_IN_FRAMEWORK_HEADER = YES;
				CLANG_WARN_RANGE_LOOP_ANALYSIS = YES;
				CLANG_WARN_STRICT_PROTOTYPES = YES;
				CLANG_WARN_SUSPICIOUS_MOVE = YES;
				CLANG_WARN_UNGUARDED_AVAILABILITY = YES_AGGRESSIVE;
				CLANG_WARN_UNREACHABLE_CODE = YES;
				CLANG_WARN__DUPLICATE_METHOD_MATCH = YES;
				COPY_PHASE_STRIP = NO;
				DEBUG_INFORMATION_FORMAT = dwarf;
				ENABLE_STRICT_OBJC_MSGSEND = YES;
				ENABLE_TESTABILITY = YES;
				GCC_C_LANGUAGE_STANDARD = gnu11;
				GCC_DYNAMIC_NO_PIC = NO;
				GCC_NO_COMMON_BLOCKS = YES;
				GCC_OPTIMIZATION_LEVEL = 0;
				GCC_PREPROCESSOR_DEFINITIONS = (
					"DEBUG=1",
					"$(inherited)",
				);
				GCC_WARN_64_TO_32_BIT_CONVERSION = YES;
				GCC_WARN_ABOUT_RETURN_TYPE = YES_ERROR;
				GCC_WARN_UNDECLARED_SELECTOR = YES;
				GCC_WARN_UNINITIALIZED_AUTOS = YES_AGGRESSIVE;
				GCC_WARN_UNUSED_FUNCTION = YES;
				GCC_WARN_UNUSED_VARIABLE = YES;
				IPHONEOS_DEPLOYMENT_TARGET = 15.2;
				MTL_ENABLE_DEBUG_INFO = INCLUDE_SOURCE;
				MTL_FAST_MATH = YES;
				ONLY_ACTIVE_ARCH = YES;
				SDKROOT = iphoneos;
				SWIFT_ACTIVE_COMPILATION_CONDITIONS = DEBUG;
				SWIFT_OPTIMIZATION_LEVEL = "-Onone";
			};
			name = Debug;
		};
		7C3BCE102847F879008CDC7D /* Release */ = {
			isa = XCBuildConfiguration;
			buildSettings = {
				ALWAYS_SEARCH_USER_PATHS = NO;
				CLANG_ANALYZER_NONNULL = YES;
				CLANG_ANALYZER_NUMBER_OBJECT_CONVERSION = YES_AGGRESSIVE;
				CLANG_CXX_LANGUAGE_STANDARD = "gnu++17";
				CLANG_CXX_LIBRARY = "libc++";
				CLANG_ENABLE_MODULES = YES;
				CLANG_ENABLE_OBJC_ARC = YES;
				CLANG_ENABLE_OBJC_WEAK = YES;
				CLANG_WARN_BLOCK_CAPTURE_AUTORELEASING = YES;
				CLANG_WARN_BOOL_CONVERSION = YES;
				CLANG_WARN_COMMA = YES;
				CLANG_WARN_CONSTANT_CONVERSION = YES;
				CLANG_WARN_DEPRECATED_OBJC_IMPLEMENTATIONS = YES;
				CLANG_WARN_DIRECT_OBJC_ISA_USAGE = YES_ERROR;
				CLANG_WARN_DOCUMENTATION_COMMENTS = YES;
				CLANG_WARN_EMPTY_BODY = YES;
				CLANG_WARN_ENUM_CONVERSION = YES;
				CLANG_WARN_INFINITE_RECURSION = YES;
				CLANG_WARN_INT_CONVERSION = YES;
				CLANG_WARN_NON_LITERAL_NULL_CONVERSION = YES;
				CLANG_WARN_OBJC_IMPLICIT_RETAIN_SELF = YES;
				CLANG_WARN_OBJC_LITERAL_CONVERSION = YES;
				CLANG_WARN_OBJC_ROOT_CLASS = YES_ERROR;
				CLANG_WARN_QUOTED_INCLUDE_IN_FRAMEWORK_HEADER = YES;
				CLANG_WARN_RANGE_LOOP_ANALYSIS = YES;
				CLANG_WARN_STRICT_PROTOTYPES = YES;
				CLANG_WARN_SUSPICIOUS_MOVE = YES;
				CLANG_WARN_UNGUARDED_AVAILABILITY = YES_AGGRESSIVE;
				CLANG_WARN_UNREACHABLE_CODE = YES;
				CLANG_WARN__DUPLICATE_METHOD_MATCH = YES;
				COPY_PHASE_STRIP = NO;
				DEBUG_INFORMATION_FORMAT = "dwarf-with-dsym";
				ENABLE_NS_ASSERTIONS = NO;
				ENABLE_STRICT_OBJC_MSGSEND = YES;
				GCC_C_LANGUAGE_STANDARD = gnu11;
				GCC_NO_COMMON_BLOCKS = YES;
				GCC_WARN_64_TO_32_BIT_CONVERSION = YES;
				GCC_WARN_ABOUT_RETURN_TYPE = YES_ERROR;
				GCC_WARN_UNDECLARED_SELECTOR = YES;
				GCC_WARN_UNINITIALIZED_AUTOS = YES_AGGRESSIVE;
				GCC_WARN_UNUSED_FUNCTION = YES;
				GCC_WARN_UNUSED_VARIABLE = YES;
				IPHONEOS_DEPLOYMENT_TARGET = 15.2;
				MTL_ENABLE_DEBUG_INFO = NO;
				MTL_FAST_MATH = YES;
				SDKROOT = iphoneos;
				SWIFT_COMPILATION_MODE = wholemodule;
				SWIFT_OPTIMIZATION_LEVEL = "-O";
				VALIDATE_PRODUCT = YES;
			};
			name = Release;
		};
		7C3BCE122847F879008CDC7D /* Debug */ = {
			isa = XCBuildConfiguration;
			buildSettings = {
				ASSETCATALOG_COMPILER_APPICON_NAME = AppIcon;
				ASSETCATALOG_COMPILER_GLOBAL_ACCENT_COLOR_NAME = AccentColor;
				CODE_SIGN_STYLE = Automatic;
				CURRENT_PROJECT_VERSION = 1;
				DEVELOPMENT_ASSET_PATHS = "\"TheaterSchedule-sp/Preview Content\"";
				ENABLE_PREVIEWS = YES;
				GENERATE_INFOPLIST_FILE = YES;
				INFOPLIST_KEY_UIApplicationSceneManifest_Generation = YES;
				INFOPLIST_KEY_UIApplicationSupportsIndirectInputEvents = YES;
				INFOPLIST_KEY_UILaunchScreen_Generation = YES;
				INFOPLIST_KEY_UISupportedInterfaceOrientations_iPad = "UIInterfaceOrientationPortrait UIInterfaceOrientationPortraitUpsideDown UIInterfaceOrientationLandscapeLeft UIInterfaceOrientationLandscapeRight";
				INFOPLIST_KEY_UISupportedInterfaceOrientations_iPhone = "UIInterfaceOrientationPortrait UIInterfaceOrientationLandscapeLeft UIInterfaceOrientationLandscapeRight";
				LD_RUNPATH_SEARCH_PATHS = (
					"$(inherited)",
					"@executable_path/Frameworks",
				);
				MARKETING_VERSION = 1.0;
				PRODUCT_BUNDLE_IDENTIFIER = "co.juokauju.TheaterSchedule-sp";
				PRODUCT_NAME = "$(TARGET_NAME)";
				SWIFT_EMIT_LOC_STRINGS = YES;
				SWIFT_VERSION = 5.0;
				TARGETED_DEVICE_FAMILY = "1,2";
			};
			name = Debug;
		};
		7C3BCE132847F879008CDC7D /* Release */ = {
			isa = XCBuildConfiguration;
			buildSettings = {
				ASSETCATALOG_COMPILER_APPICON_NAME = AppIcon;
				ASSETCATALOG_COMPILER_GLOBAL_ACCENT_COLOR_NAME = AccentColor;
				CODE_SIGN_STYLE = Automatic;
				CURRENT_PROJECT_VERSION = 1;
				DEVELOPMENT_ASSET_PATHS = "\"TheaterSchedule-sp/Preview Content\"";
				ENABLE_PREVIEWS = YES;
				GENERATE_INFOPLIST_FILE = YES;
				INFOPLIST_KEY_UIApplicationSceneManifest_Generation = YES;
				INFOPLIST_KEY_UIApplicationSupportsIndirectInputEvents = YES;
				INFOPLIST_KEY_UILaunchScreen_Generation = YES;
				INFOPLIST_KEY_UISupportedInterfaceOrientations_iPad = "UIInterfaceOrientationPortrait UIInterfaceOrientationPortraitUpsideDown UIInterfaceOrientationLandscapeLeft UIInterfaceOrientationLandscapeRight";
				INFOPLIST_KEY_UISupportedInterfaceOrientations_iPhone = "UIInterfaceOrientationPortrait UIInterfaceOrientationLandscapeLeft UIInterfaceOrientationLandscapeRight";
				LD_RUNPATH_SEARCH_PATHS = (
					"$(inherited)",
					"@executable_path/Frameworks",
				);
				MARKETING_VERSION = 1.0;
				PRODUCT_BUNDLE_IDENTIFIER = "co.juokauju.TheaterSchedule-sp";
				PRODUCT_NAME = "$(TARGET_NAME)";
				SWIFT_EMIT_LOC_STRINGS = YES;
				SWIFT_VERSION = 5.0;
				TARGETED_DEVICE_FAMILY = "1,2";
			};
			name = Release;
		};
/* End XCBuildConfiguration section */

/* Begin XCConfigurationList section */
		7C3BCDFE2847F873008CDC7D /* Build configuration list for PBXProject "TheaterSchedule-sp" */ = {
			isa = XCConfigurationList;
			buildConfigurations = (
				7C3BCE0F2847F879008CDC7D /* Debug */,
				7C3BCE102847F879008CDC7D /* Release */,
			);
			defaultConfigurationIsVisible = 0;
			defaultConfigurationName = Release;
		};
		7C3BCE112847F879008CDC7D /* Build configuration list for PBXNativeTarget "TheaterSchedule-sp" */ = {
			isa = XCConfigurationList;
			buildConfigurations = (
				7C3BCE122847F879008CDC7D /* Debug */,
				7C3BCE132847F879008CDC7D /* Release */,
			);
			defaultConfigurationIsVisible = 0;
			defaultConfigurationName = Release;
		};
/* End XCConfigurationList section */
	};
	rootObject = 7C3BCDFB2847F873008CDC7D /* Project object */;
}
